// !$*UTF8*$!
{
	archiveVersion = 1;
	classes = {
	};
	objectVersion = 55;
	objects = {

/* Begin PBXBuildFile section */
		22116EB427E26C2200474C9D /* AddTrackingView.swift in Sources */ = {isa = PBXBuildFile; fileRef = 22116EB327E26C2200474C9D /* AddTrackingView.swift */; };
		22116EB627E27C6700474C9D /* CarriersLogoCircle.swift in Sources */ = {isa = PBXBuildFile; fileRef = 22116EB527E27C6700474C9D /* CarriersLogoCircle.swift */; };
		228E1A0D27E0E54F00B72BFE /* Track_It_App.swift in Sources */ = {isa = PBXBuildFile; fileRef = 228E19FD27E0E54C00B72BFE /* Track_It_App.swift */; };
		228E1A0E27E0E54F00B72BFE /* Track_It_App.swift in Sources */ = {isa = PBXBuildFile; fileRef = 228E19FD27E0E54C00B72BFE /* Track_It_App.swift */; };
		228E1A1127E0E54F00B72BFE /* Assets.xcassets in Resources */ = {isa = PBXBuildFile; fileRef = 228E19FF27E0E54F00B72BFE /* Assets.xcassets */; };
		228E1A1227E0E54F00B72BFE /* Assets.xcassets in Resources */ = {isa = PBXBuildFile; fileRef = 228E19FF27E0E54F00B72BFE /* Assets.xcassets */; };
		228E1A1D27E0E69700B72BFE /* ColorExt.swift in Sources */ = {isa = PBXBuildFile; fileRef = 228E1A1C27E0E69700B72BFE /* ColorExt.swift */; };
		228E1A2127E10E3300B72BFE /* HomeView.swift in Sources */ = {isa = PBXBuildFile; fileRef = 228E1A2027E10E3300B72BFE /* HomeView.swift */; };
		228E1A2427E11E6100B72BFE /* SearchBarView.swift in Sources */ = {isa = PBXBuildFile; fileRef = 228E1A2327E11E6100B72BFE /* SearchBarView.swift */; };
		228E1A2627E12AF600B72BFE /* UIApplicationExt.swift in Sources */ = {isa = PBXBuildFile; fileRef = 228E1A2527E12AF600B72BFE /* UIApplicationExt.swift */; };
		228E1A2827E21D9A00B72BFE /* PackageStatusRowView.swift in Sources */ = {isa = PBXBuildFile; fileRef = 228E1A2727E21D9A00B72BFE /* PackageStatusRowView.swift */; };
		228E1A2B27E21E5500B72BFE /* PackageModel.swift in Sources */ = {isa = PBXBuildFile; fileRef = 228E1A2A27E21E5500B72BFE /* PackageModel.swift */; };
		228E1A2F27E22E1400B72BFE /* HomeViewModel.swift in Sources */ = {isa = PBXBuildFile; fileRef = 228E1A2E27E22E1400B72BFE /* HomeViewModel.swift */; };
		22C5857227E410F4003927A8 /* BackButton.swift in Sources */ = {isa = PBXBuildFile; fileRef = 22C5857127E410F4003927A8 /* BackButton.swift */; };
		22C5857427E4C349003927A8 /* AddTrackingButton.swift in Sources */ = {isa = PBXBuildFile; fileRef = 22C5857327E4C349003927A8 /* AddTrackingButton.swift */; };
/* End PBXBuildFile section */

/* Begin PBXFileReference section */
		22116EB327E26C2200474C9D /* AddTrackingView.swift */ = {isa = PBXFileReference; lastKnownFileType = sourcecode.swift; path = AddTrackingView.swift; sourceTree = "<group>"; };
		22116EB527E27C6700474C9D /* CarriersLogoCircle.swift */ = {isa = PBXFileReference; lastKnownFileType = sourcecode.swift; path = CarriersLogoCircle.swift; sourceTree = "<group>"; };
		228E19FD27E0E54C00B72BFE /* Track_It_App.swift */ = {isa = PBXFileReference; lastKnownFileType = sourcecode.swift; path = Track_It_App.swift; sourceTree = "<group>"; };
		228E19FF27E0E54F00B72BFE /* Assets.xcassets */ = {isa = PBXFileReference; lastKnownFileType = folder.assetcatalog; path = Assets.xcassets; sourceTree = "<group>"; };
		228E1A0427E0E54F00B72BFE /* Track_It!.app */ = {isa = PBXFileReference; explicitFileType = wrapper.application; includeInIndex = 0; path = "Track_It!.app"; sourceTree = BUILT_PRODUCTS_DIR; };
		228E1A0A27E0E54F00B72BFE /* Track_It!.app */ = {isa = PBXFileReference; explicitFileType = wrapper.application; includeInIndex = 0; path = "Track_It!.app"; sourceTree = BUILT_PRODUCTS_DIR; };
		228E1A0C27E0E54F00B72BFE /* macOS.entitlements */ = {isa = PBXFileReference; lastKnownFileType = text.plist.entitlements; path = macOS.entitlements; sourceTree = "<group>"; };
		228E1A1C27E0E69700B72BFE /* ColorExt.swift */ = {isa = PBXFileReference; lastKnownFileType = sourcecode.swift; path = ColorExt.swift; sourceTree = "<group>"; };
		228E1A2027E10E3300B72BFE /* HomeView.swift */ = {isa = PBXFileReference; lastKnownFileType = sourcecode.swift; path = HomeView.swift; sourceTree = "<group>"; };
		228E1A2327E11E6100B72BFE /* SearchBarView.swift */ = {isa = PBXFileReference; lastKnownFileType = sourcecode.swift; path = SearchBarView.swift; sourceTree = "<group>"; };
		228E1A2527E12AF600B72BFE /* UIApplicationExt.swift */ = {isa = PBXFileReference; lastKnownFileType = sourcecode.swift; path = UIApplicationExt.swift; sourceTree = "<group>"; };
		228E1A2727E21D9A00B72BFE /* PackageStatusRowView.swift */ = {isa = PBXFileReference; lastKnownFileType = sourcecode.swift; path = PackageStatusRowView.swift; sourceTree = "<group>"; };
		228E1A2A27E21E5500B72BFE /* PackageModel.swift */ = {isa = PBXFileReference; lastKnownFileType = sourcecode.swift; path = PackageModel.swift; sourceTree = "<group>"; };
		228E1A2E27E22E1400B72BFE /* HomeViewModel.swift */ = {isa = PBXFileReference; lastKnownFileType = sourcecode.swift; path = HomeViewModel.swift; sourceTree = "<group>"; };
		22C5857127E410F4003927A8 /* BackButton.swift */ = {isa = PBXFileReference; lastKnownFileType = sourcecode.swift; path = BackButton.swift; sourceTree = "<group>"; };
		22C5857327E4C349003927A8 /* AddTrackingButton.swift */ = {isa = PBXFileReference; lastKnownFileType = sourcecode.swift; path = AddTrackingButton.swift; sourceTree = "<group>"; };
/* End PBXFileReference section */

/* Begin PBXFrameworksBuildPhase section */
		228E1A0127E0E54F00B72BFE /* Frameworks */ = {
			isa = PBXFrameworksBuildPhase;
			buildActionMask = 2147483647;
			files = (
			);
			runOnlyForDeploymentPostprocessing = 0;
		};
		228E1A0727E0E54F00B72BFE /* Frameworks */ = {
			isa = PBXFrameworksBuildPhase;
			buildActionMask = 2147483647;
			files = (
			);
			runOnlyForDeploymentPostprocessing = 0;
		};
/* End PBXFrameworksBuildPhase section */

/* Begin PBXGroup section */
		228E19F727E0E54C00B72BFE = {
			isa = PBXGroup;
			children = (
				228E19FC27E0E54C00B72BFE /* Shared */,
				228E1A0B27E0E54F00B72BFE /* macOS */,
				228E1A0527E0E54F00B72BFE /* Products */,
			);
			sourceTree = "<group>";
		};
		228E19FC27E0E54C00B72BFE /* Shared */ = {
			isa = PBXGroup;
			children = (
				228E19FD27E0E54C00B72BFE /* Track_It_App.swift */,
				228E1A2227E10F9A00B72BFE /* Components */,
				228E1A1B27E0E67D00B72BFE /* Extensions */,
				228E1A2927E21DB500B72BFE /* Models */,
				228E1A1E27E10DD800B72BFE /* ViewModels */,
				228E1A1F27E10DE600B72BFE /* Views */,
				228E19FF27E0E54F00B72BFE /* Assets.xcassets */,
			);
			path = Shared;
			sourceTree = "<group>";
		};
		228E1A0527E0E54F00B72BFE /* Products */ = {
			isa = PBXGroup;
			children = (
				228E1A0427E0E54F00B72BFE /* Track_It!.app */,
				228E1A0A27E0E54F00B72BFE /* Track_It!.app */,
			);
			name = Products;
			sourceTree = "<group>";
		};
		228E1A0B27E0E54F00B72BFE /* macOS */ = {
			isa = PBXGroup;
			children = (
				228E1A0C27E0E54F00B72BFE /* macOS.entitlements */,
			);
			path = macOS;
			sourceTree = "<group>";
		};
		228E1A1B27E0E67D00B72BFE /* Extensions */ = {
			isa = PBXGroup;
			children = (
				228E1A1C27E0E69700B72BFE /* ColorExt.swift */,
				228E1A2527E12AF600B72BFE /* UIApplicationExt.swift */,
			);
			path = Extensions;
			sourceTree = "<group>";
		};
		228E1A1E27E10DD800B72BFE /* ViewModels */ = {
			isa = PBXGroup;
			children = (
				228E1A2E27E22E1400B72BFE /* HomeViewModel.swift */,
			);
			path = ViewModels;
			sourceTree = "<group>";
		};
		228E1A1F27E10DE600B72BFE /* Views */ = {
			isa = PBXGroup;
			children = (
				228E1A2027E10E3300B72BFE /* HomeView.swift */,
				228E1A2727E21D9A00B72BFE /* PackageStatusRowView.swift */,
				22116EB327E26C2200474C9D /* AddTrackingView.swift */,
			);
			path = Views;
			sourceTree = "<group>";
		};
		228E1A2227E10F9A00B72BFE /* Components */ = {
			isa = PBXGroup;
			children = (
				228E1A2327E11E6100B72BFE /* SearchBarView.swift */,
				22116EB527E27C6700474C9D /* CarriersLogoCircle.swift */,
				22C5857127E410F4003927A8 /* BackButton.swift */,
				22C5857327E4C349003927A8 /* AddTrackingButton.swift */,
			);
			path = Components;
			sourceTree = "<group>";
		};
		228E1A2927E21DB500B72BFE /* Models */ = {
			isa = PBXGroup;
			children = (
				228E1A2A27E21E5500B72BFE /* PackageModel.swift */,
			);
			path = Models;
			sourceTree = "<group>";
		};
/* End PBXGroup section */

/* Begin PBXNativeTarget section */
		228E1A0327E0E54F00B72BFE /* Track_It! (iOS) */ = {
			isa = PBXNativeTarget;
			buildConfigurationList = 228E1A1527E0E54F00B72BFE /* Build configuration list for PBXNativeTarget "Track_It! (iOS)" */;
			buildPhases = (
				228E1A0027E0E54F00B72BFE /* Sources */,
				228E1A0127E0E54F00B72BFE /* Frameworks */,
				228E1A0227E0E54F00B72BFE /* Resources */,
			);
			buildRules = (
			);
			dependencies = (
			);
			name = "Track_It! (iOS)";
			productName = "Track_It! (iOS)";
			productReference = 228E1A0427E0E54F00B72BFE /* Track_It!.app */;
			productType = "com.apple.product-type.application";
		};
		228E1A0927E0E54F00B72BFE /* Track_It! (macOS) */ = {
			isa = PBXNativeTarget;
			buildConfigurationList = 228E1A1827E0E54F00B72BFE /* Build configuration list for PBXNativeTarget "Track_It! (macOS)" */;
			buildPhases = (
				228E1A0627E0E54F00B72BFE /* Sources */,
				228E1A0727E0E54F00B72BFE /* Frameworks */,
				228E1A0827E0E54F00B72BFE /* Resources */,
			);
			buildRules = (
			);
			dependencies = (
			);
			name = "Track_It! (macOS)";
			productName = "Track_It! (macOS)";
			productReference = 228E1A0A27E0E54F00B72BFE /* Track_It!.app */;
			productType = "com.apple.product-type.application";
		};
/* End PBXNativeTarget section */

/* Begin PBXProject section */
		228E19F827E0E54C00B72BFE /* Project object */ = {
			isa = PBXProject;
			attributes = {
				BuildIndependentTargetsInParallel = 1;
				LastSwiftUpdateCheck = 1320;
				LastUpgradeCheck = 1330;
				TargetAttributes = {
					228E1A0327E0E54F00B72BFE = {
						CreatedOnToolsVersion = 13.2.1;
					};
					228E1A0927E0E54F00B72BFE = {
						CreatedOnToolsVersion = 13.2.1;
					};
				};
			};
			buildConfigurationList = 228E19FB27E0E54C00B72BFE /* Build configuration list for PBXProject "Track_It!" */;
			compatibilityVersion = "Xcode 13.0";
			developmentRegion = en;
			hasScannedForEncodings = 0;
			knownRegions = (
				en,
				Base,
			);
			mainGroup = 228E19F727E0E54C00B72BFE;
			productRefGroup = 228E1A0527E0E54F00B72BFE /* Products */;
			projectDirPath = "";
			projectRoot = "";
			targets = (
				228E1A0327E0E54F00B72BFE /* Track_It! (iOS) */,
				228E1A0927E0E54F00B72BFE /* Track_It! (macOS) */,
			);
		};
/* End PBXProject section */

/* Begin PBXResourcesBuildPhase section */
		228E1A0227E0E54F00B72BFE /* Resources */ = {
			isa = PBXResourcesBuildPhase;
			buildActionMask = 2147483647;
			files = (
				228E1A1127E0E54F00B72BFE /* Assets.xcassets in Resources */,
			);
			runOnlyForDeploymentPostprocessing = 0;
		};
		228E1A0827E0E54F00B72BFE /* Resources */ = {
			isa = PBXResourcesBuildPhase;
			buildActionMask = 2147483647;
			files = (
				228E1A1227E0E54F00B72BFE /* Assets.xcassets in Resources */,
			);
			runOnlyForDeploymentPostprocessing = 0;
		};
/* End PBXResourcesBuildPhase section */

/* Begin PBXSourcesBuildPhase section */
		228E1A0027E0E54F00B72BFE /* Sources */ = {
			isa = PBXSourcesBuildPhase;
			buildActionMask = 2147483647;
			files = (
				228E1A2427E11E6100B72BFE /* SearchBarView.swift in Sources */,
				228E1A2F27E22E1400B72BFE /* HomeViewModel.swift in Sources */,
				228E1A2127E10E3300B72BFE /* HomeView.swift in Sources */,
				22116EB627E27C6700474C9D /* CarriersLogoCircle.swift in Sources */,
				228E1A2827E21D9A00B72BFE /* PackageStatusRowView.swift in Sources */,
				228E1A1D27E0E69700B72BFE /* ColorExt.swift in Sources */,
				228E1A2B27E21E5500B72BFE /* PackageModel.swift in Sources */,
				22C5857227E410F4003927A8 /* BackButton.swift in Sources */,
				22116EB427E26C2200474C9D /* AddTrackingView.swift in Sources */,
				228E1A0D27E0E54F00B72BFE /* Track_It_App.swift in Sources */,
				228E1A2627E12AF600B72BFE /* UIApplicationExt.swift in Sources */,
				22C5857427E4C349003927A8 /* AddTrackingButton.swift in Sources */,
			);
			runOnlyForDeploymentPostprocessing = 0;
		};
		228E1A0627E0E54F00B72BFE /* Sources */ = {
			isa = PBXSourcesBuildPhase;
			buildActionMask = 2147483647;
			files = (
				228E1A0E27E0E54F00B72BFE /* Track_It_App.swift in Sources */,
			);
			runOnlyForDeploymentPostprocessing = 0;
		};
/* End PBXSourcesBuildPhase section */

/* Begin XCBuildConfiguration section */
		228E1A1327E0E54F00B72BFE /* Debug */ = {
			isa = XCBuildConfiguration;
			buildSettings = {
				ALWAYS_SEARCH_USER_PATHS = NO;
				CLANG_ANALYZER_NONNULL = YES;
				CLANG_ANALYZER_NUMBER_OBJECT_CONVERSION = YES_AGGRESSIVE;
				CLANG_CXX_LANGUAGE_STANDARD = "gnu++17";
				CLANG_CXX_LIBRARY = "libc++";
				CLANG_ENABLE_MODULES = YES;
				CLANG_ENABLE_OBJC_ARC = YES;
				CLANG_ENABLE_OBJC_WEAK = YES;
				CLANG_WARN_BLOCK_CAPTURE_AUTORELEASING = YES;
				CLANG_WARN_BOOL_CONVERSION = YES;
				CLANG_WARN_COMMA = YES;
				CLANG_WARN_CONSTANT_CONVERSION = YES;
				CLANG_WARN_DEPRECATED_OBJC_IMPLEMENTATIONS = YES;
				CLANG_WARN_DIRECT_OBJC_ISA_USAGE = YES_ERROR;
				CLANG_WARN_DOCUMENTATION_COMMENTS = YES;
				CLANG_WARN_EMPTY_BODY = YES;
				CLANG_WARN_ENUM_CONVERSION = YES;
				CLANG_WARN_INFINITE_RECURSION = YES;
				CLANG_WARN_INT_CONVERSION = YES;
				CLANG_WARN_NON_LITERAL_NULL_CONVERSION = YES;
				CLANG_WARN_OBJC_IMPLICIT_RETAIN_SELF = YES;
				CLANG_WARN_OBJC_LITERAL_CONVERSION = YES;
				CLANG_WARN_OBJC_ROOT_CLASS = YES_ERROR;
				CLANG_WARN_QUOTED_INCLUDE_IN_FRAMEWORK_HEADER = YES;
				CLANG_WARN_RANGE_LOOP_ANALYSIS = YES;
				CLANG_WARN_STRICT_PROTOTYPES = YES;
				CLANG_WARN_SUSPICIOUS_MOVE = YES;
				CLANG_WARN_UNGUARDED_AVAILABILITY = YES_AGGRESSIVE;
				CLANG_WARN_UNREACHABLE_CODE = YES;
				CLANG_WARN__DUPLICATE_METHOD_MATCH = YES;
				COPY_PHASE_STRIP = NO;
				DEBUG_INFORMATION_FORMAT = dwarf;
				ENABLE_STRICT_OBJC_MSGSEND = YES;
				ENABLE_TESTABILITY = YES;
				GCC_C_LANGUAGE_STANDARD = gnu11;
				GCC_DYNAMIC_NO_PIC = NO;
				GCC_NO_COMMON_BLOCKS = YES;
				GCC_OPTIMIZATION_LEVEL = 0;
				GCC_PREPROCESSOR_DEFINITIONS = (
					"DEBUG=1",
					"$(inherited)",
				);
				GCC_WARN_64_TO_32_BIT_CONVERSION = YES;
				GCC_WARN_ABOUT_RETURN_TYPE = YES_ERROR;
				GCC_WARN_UNDECLARED_SELECTOR = YES;
				GCC_WARN_UNINITIALIZED_AUTOS = YES_AGGRESSIVE;
				GCC_WARN_UNUSED_FUNCTION = YES;
				GCC_WARN_UNUSED_VARIABLE = YES;
				MTL_ENABLE_DEBUG_INFO = INCLUDE_SOURCE;
				MTL_FAST_MATH = YES;
				ONLY_ACTIVE_ARCH = YES;
				SWIFT_ACTIVE_COMPILATION_CONDITIONS = DEBUG;
				SWIFT_OPTIMIZATION_LEVEL = "-Onone";
			};
			name = Debug;
		};
		228E1A1427E0E54F00B72BFE /* Release */ = {
			isa = XCBuildConfiguration;
			buildSettings = {
				ALWAYS_SEARCH_USER_PATHS = NO;
				CLANG_ANALYZER_NONNULL = YES;
				CLANG_ANALYZER_NUMBER_OBJECT_CONVERSION = YES_AGGRESSIVE;
				CLANG_CXX_LANGUAGE_STANDARD = "gnu++17";
				CLANG_CXX_LIBRARY = "libc++";
				CLANG_ENABLE_MODULES = YES;
				CLANG_ENABLE_OBJC_ARC = YES;
				CLANG_ENABLE_OBJC_WEAK = YES;
				CLANG_WARN_BLOCK_CAPTURE_AUTORELEASING = YES;
				CLANG_WARN_BOOL_CONVERSION = YES;
				CLANG_WARN_COMMA = YES;
				CLANG_WARN_CONSTANT_CONVERSION = YES;
				CLANG_WARN_DEPRECATED_OBJC_IMPLEMENTATIONS = YES;
				CLANG_WARN_DIRECT_OBJC_ISA_USAGE = YES_ERROR;
				CLANG_WARN_DOCUMENTATION_COMMENTS = YES;
				CLANG_WARN_EMPTY_BODY = YES;
				CLANG_WARN_ENUM_CONVERSION = YES;
				CLANG_WARN_INFINITE_RECURSION = YES;
				CLANG_WARN_INT_CONVERSION = YES;
				CLANG_WARN_NON_LITERAL_NULL_CONVERSION = YES;
				CLANG_WARN_OBJC_IMPLICIT_RETAIN_SELF = YES;
				CLANG_WARN_OBJC_LITERAL_CONVERSION = YES;
				CLANG_WARN_OBJC_ROOT_CLASS = YES_ERROR;
				CLANG_WARN_QUOTED_INCLUDE_IN_FRAMEWORK_HEADER = YES;
				CLANG_WARN_RANGE_LOOP_ANALYSIS = YES;
				CLANG_WARN_STRICT_PROTOTYPES = YES;
				CLANG_WARN_SUSPICIOUS_MOVE = YES;
				CLANG_WARN_UNGUARDED_AVAILABILITY = YES_AGGRESSIVE;
				CLANG_WARN_UNREACHABLE_CODE = YES;
				CLANG_WARN__DUPLICATE_METHOD_MATCH = YES;
				COPY_PHASE_STRIP = NO;
				DEBUG_INFORMATION_FORMAT = "dwarf-with-dsym";
				ENABLE_NS_ASSERTIONS = NO;
				ENABLE_STRICT_OBJC_MSGSEND = YES;
				GCC_C_LANGUAGE_STANDARD = gnu11;
				GCC_NO_COMMON_BLOCKS = YES;
				GCC_WARN_64_TO_32_BIT_CONVERSION = YES;
				GCC_WARN_ABOUT_RETURN_TYPE = YES_ERROR;
				GCC_WARN_UNDECLARED_SELECTOR = YES;
				GCC_WARN_UNINITIALIZED_AUTOS = YES_AGGRESSIVE;
				GCC_WARN_UNUSED_FUNCTION = YES;
				GCC_WARN_UNUSED_VARIABLE = YES;
				MTL_ENABLE_DEBUG_INFO = NO;
				MTL_FAST_MATH = YES;
				SWIFT_COMPILATION_MODE = wholemodule;
				SWIFT_OPTIMIZATION_LEVEL = "-O";
			};
			name = Release;
		};
		228E1A1627E0E54F00B72BFE /* Debug */ = {
			isa = XCBuildConfiguration;
			buildSettings = {
				ASSETCATALOG_COMPILER_APPICON_NAME = AppIcon;
				ASSETCATALOG_COMPILER_GLOBAL_ACCENT_COLOR_NAME = AccentColor;
				CODE_SIGN_STYLE = Automatic;
				CURRENT_PROJECT_VERSION = 1;
				DEVELOPMENT_TEAM = GQ6YZ8UPX8;
				ENABLE_PREVIEWS = YES;
				GENERATE_INFOPLIST_FILE = YES;
				INFOPLIST_KEY_UIApplicationSceneManifest_Generation = YES;
				INFOPLIST_KEY_UIApplicationSupportsIndirectInputEvents = YES;
				INFOPLIST_KEY_UILaunchScreen_Generation = YES;
				INFOPLIST_KEY_UISupportedInterfaceOrientations = UIInterfaceOrientationPortrait;
				INFOPLIST_KEY_UISupportedInterfaceOrientations_iPad = "UIInterfaceOrientationPortrait UIInterfaceOrientationPortraitUpsideDown UIInterfaceOrientationLandscapeLeft UIInterfaceOrientationLandscapeRight";
				INFOPLIST_KEY_UISupportedInterfaceOrientations_iPhone = "UIInterfaceOrientationPortrait UIInterfaceOrientationLandscapeLeft UIInterfaceOrientationLandscapeRight";
				IPHONEOS_DEPLOYMENT_TARGET = 15.2;
				LD_RUNPATH_SEARCH_PATHS = (
					"$(inherited)",
					"@executable_path/Frameworks",
				);
				MARKETING_VERSION = 1.0;
				PRODUCT_BUNDLE_IDENTIFIER = "com.CandidCins.Track-It-";
				PRODUCT_NAME = "Track_It!";
				SDKROOT = iphoneos;
				SWIFT_EMIT_LOC_STRINGS = YES;
				SWIFT_VERSION = 5.0;
				TARGETED_DEVICE_FAMILY = "1,2";
			};
			name = Debug;
		};
		228E1A1727E0E54F00B72BFE /* Release */ = {
			isa = XCBuildConfiguration;
			buildSettings = {
				ASSETCATALOG_COMPILER_APPICON_NAME = AppIcon;
				ASSETCATALOG_COMPILER_GLOBAL_ACCENT_COLOR_NAME = AccentColor;
				CODE_SIGN_STYLE = Automatic;
				CURRENT_PROJECT_VERSION = 1;
				DEVELOPMENT_TEAM = GQ6YZ8UPX8;
				ENABLE_PREVIEWS = YES;
				GENERATE_INFOPLIST_FILE = YES;
				INFOPLIST_KEY_UIApplicationSceneManifest_Generation = YES;
				INFOPLIST_KEY_UIApplicationSupportsIndirectInputEvents = YES;
				INFOPLIST_KEY_UILaunchScreen_Generation = YES;
				INFOPLIST_KEY_UISupportedInterfaceOrientations = UIInterfaceOrientationPortrait;
				INFOPLIST_KEY_UISupportedInterfaceOrientations_iPad = "UIInterfaceOrientationPortrait UIInterfaceOrientationPortraitUpsideDown UIInterfaceOrientationLandscapeLeft UIInterfaceOrientationLandscapeRight";
				INFOPLIST_KEY_UISupportedInterfaceOrientations_iPhone = "UIInterfaceOrientationPortrait UIInterfaceOrientationLandscapeLeft UIInterfaceOrientationLandscapeRight";
				IPHONEOS_DEPLOYMENT_TARGET = 15.2;
				LD_RUNPATH_SEARCH_PATHS = (
					"$(inherited)",
					"@executable_path/Frameworks",
				);
				MARKETING_VERSION = 1.0;
				PRODUCT_BUNDLE_IDENTIFIER = "com.CandidCins.Track-It-";
				PRODUCT_NAME = "Track_It!";
				SDKROOT = iphoneos;
				SWIFT_EMIT_LOC_STRINGS = YES;
				SWIFT_VERSION = 5.0;
				TARGETED_DEVICE_FAMILY = "1,2";
				VALIDATE_PRODUCT = YES;
			};
			name = Release;
		};
		228E1A1927E0E54F00B72BFE /* Debug */ = {
			isa = XCBuildConfiguration;
			buildSettings = {
				ASSETCATALOG_COMPILER_APPICON_NAME = AppIcon;
				ASSETCATALOG_COMPILER_GLOBAL_ACCENT_COLOR_NAME = AccentColor;
				CODE_SIGN_ENTITLEMENTS = macOS/macOS.entitlements;
				CODE_SIGN_IDENTITY = "-";
				CODE_SIGN_STYLE = Automatic;
				COMBINE_HIDPI_IMAGES = YES;
				CURRENT_PROJECT_VERSION = 1;
				DEVELOPMENT_TEAM = GQ6YZ8UPX8;
				ENABLE_HARDENED_RUNTIME = YES;
				ENABLE_PREVIEWS = YES;
				GENERATE_INFOPLIST_FILE = YES;
				INFOPLIST_KEY_NSHumanReadableCopyright = "";
				LD_RUNPATH_SEARCH_PATHS = (
					"$(inherited)",
					"@executable_path/../Frameworks",
				);
				MACOSX_DEPLOYMENT_TARGET = 12.1;
				MARKETING_VERSION = 1.0;
				PRODUCT_BUNDLE_IDENTIFIER = "com.CandidCins.Track-It-";
				PRODUCT_NAME = "Track_It!";
				SDKROOT = macosx;
				SWIFT_EMIT_LOC_STRINGS = YES;
				SWIFT_VERSION = 5.0;
			};
			name = Debug;
		};
		228E1A1A27E0E54F00B72BFE /* Release */ = {
			isa = XCBuildConfiguration;
			buildSettings = {
				ASSETCATALOG_COMPILER_APPICON_NAME = AppIcon;
				ASSETCATALOG_COMPILER_GLOBAL_ACCENT_COLOR_NAME = AccentColor;
				CODE_SIGN_ENTITLEMENTS = macOS/macOS.entitlements;
				CODE_SIGN_IDENTITY = "-";
				CODE_SIGN_STYLE = Automatic;
				COMBINE_HIDPI_IMAGES = YES;
				CURRENT_PROJECT_VERSION = 1;
				DEVELOPMENT_TEAM = GQ6YZ8UPX8;
				ENABLE_HARDENED_RUNTIME = YES;
				ENABLE_PREVIEWS = YES;
				GENERATE_INFOPLIST_FILE = YES;
				INFOPLIST_KEY_NSHumanReadableCopyright = "";
				LD_RUNPATH_SEARCH_PATHS = (
					"$(inherited)",
					"@executable_path/../Frameworks",
				);
				MACOSX_DEPLOYMENT_TARGET = 12.1;
				MARKETING_VERSION = 1.0;
				PRODUCT_BUNDLE_IDENTIFIER = "com.CandidCins.Track-It-";
				PRODUCT_NAME = "Track_It!";
				SDKROOT = macosx;
				SWIFT_EMIT_LOC_STRINGS = YES;
				SWIFT_VERSION = 5.0;
			};
			name = Release;
		};
/* End XCBuildConfiguration section */

/* Begin XCConfigurationList section */
		228E19FB27E0E54C00B72BFE /* Build configuration list for PBXProject "Track_It!" */ = {
			isa = XCConfigurationList;
			buildConfigurations = (
				228E1A1327E0E54F00B72BFE /* Debug */,
				228E1A1427E0E54F00B72BFE /* Release */,
			);
			defaultConfigurationIsVisible = 0;
			defaultConfigurationName = Release;
		};
		228E1A1527E0E54F00B72BFE /* Build configuration list for PBXNativeTarget "Track_It! (iOS)" */ = {
			isa = XCConfigurationList;
			buildConfigurations = (
				228E1A1627E0E54F00B72BFE /* Debug */,
				228E1A1727E0E54F00B72BFE /* Release */,
			);
			defaultConfigurationIsVisible = 0;
			defaultConfigurationName = Release;
		};
		228E1A1827E0E54F00B72BFE /* Build configuration list for PBXNativeTarget "Track_It! (macOS)" */ = {
			isa = XCConfigurationList;
			buildConfigurations = (
				228E1A1927E0E54F00B72BFE /* Debug */,
				228E1A1A27E0E54F00B72BFE /* Release */,
			);
			defaultConfigurationIsVisible = 0;
			defaultConfigurationName = Release;
		};
/* End XCConfigurationList section */
	};
	rootObject = 228E19F827E0E54C00B72BFE /* Project object */;
}
